
Microsoft Visual Studio Solution File, Format Version 12.00
# Visual Studio Version 16
VisualStudioVersion = 16.0.29306.81
MinimumVisualStudioVersion = 10.0.40219.1
Project("{FAE04EC0-301F-11D3-BF4B-00C04F79EFBC}") = "PesquisaOrdenacao", "PesquisaOrdenacao.csproj", "{FC94F326-F669-474F-A56A-C10A6BDEBB51}"
EndProject
Global
	GlobalSection(SolutionConfigurationPlatforms) = preSolution
		Debug|Any CPU = Debug|Any CPU
		Release|Any CPU = Release|Any CPU
	EndGlobalSection
	GlobalSection(ProjectConfigurationPlatforms) = postSolution
		{FC94F326-F669-474F-A56A-C10A6BDEBB51}.Debug|Any CPU.ActiveCfg = Debug|Any CPU
		{FC94F326-F669-474F-A56A-C10A6BDEBB51}.Debug|Any CPU.Build.0 = Debug|Any CPU
		{FC94F326-F669-474F-A56A-C10A6BDEBB51}.Release|Any CPU.ActiveCfg = Release|Any CPU
		{FC94F326-F669-474F-A56A-C10A6BDEBB51}.Release|Any CPU.Build.0 = Release|Any CPU
	EndGlobalSection
	GlobalSection(SolutionProperties) = preSolution
		HideSolutionNode = FALSE
	EndGlobalSection
	GlobalSection(ExtensibilityGlobals) = postSolution
		SolutionGuid = {A9C368AC-CE48-4392-A674-806AB5B7F73B}
	EndGlobalSection
EndGlobal
